<?xml version="1.0" encoding="utf-8"?>
<Project ToolsVersion="4.0" xmlns="http://schemas.microsoft.com/developer/msbuild/2003">
  <ItemGroup>
    <Filter Include="Source Files">
      <UniqueIdentifier>{4FC737F1-C7A5-4376-A066-2A32D752A2FF}</UniqueIdentifier>
      <Extensions>cpp;c;cc;cxx;def;odl;idl;hpj;bat;asm;asmx</Extensions>
    </Filter>
    <Filter Include="Header Files">
      <UniqueIdentifier>{93995380-89BD-4b04-88EB-625FBE52EBFB}</UniqueIdentifier>
      <Extensions>h;hh;hpp;hxx;hm;inl;inc;xsd</Extensions>
    </Filter>
    <Filter Include="Resource Files">
      <UniqueIdentifier>{67DA6AB6-F800-4c08-8B7A-83BB121AAD01}</UniqueIdentifier>
      <Extensions>rc;ico;cur;bmp;dlg;rc2;rct;bin;rgs;gif;jpg;jpeg;jpe;resx;tiff;tif;png;wav;mfcribbon-ms</Extensions>
    </Filter>
  </ItemGroup>
  <ItemGroup>
    <ClInclude Include="xml\rapidxml.hpp">
      <Filter>Header Files</Filter>
    </ClInclude>
    <ClInclude Include="xml\rapidxml_iterators.hpp">
      <Filter>Header Files</Filter>
    </ClInclude>
    <ClInclude Include="xml\rapidxml_print.hpp">
      <Filter>Header Files</Filter>
    </ClInclude>
    <ClInclude Include="xml\rapidxml_utils.hpp">
      <Filter>Header Files</Filter>
    </ClInclude>
    <ClInclude Include="xpath\CXPathNode.h">
      <Filter>Header Files</Filter>
    </ClInclude>
    <ClInclude Include="xpath\EvalEngine.h">
      <Filter>Header Files</Filter>
    </ClInclude>
    <ClInclude Include="xpath\ExprToken.h">
      <Filter>Header Files</Filter>
    </ClInclude>
    <ClInclude Include="xpath\ExprTree.h">
      <Filter>Header Files</Filter>
    </ClInclude>
    <ClInclude Include="xpath\ExprTreeNode.h">
      <Filter>Header Files</Filter>
    </ClInclude>
    <ClInclude Include="xpath\stdafx.h">
      <Filter>Header Files</Filter>
    </ClInclude>
    <ClInclude Include="xpath\Text.h">
      <Filter>Header Files</Filter>
    </ClInclude>
    <ClInclude Include="xpath\XPathDynamicEnv.h">
      <Filter>Header Files</Filter>
    </ClInclude>
    <ClInclude Include="xpath\XPathItem.h">
      <Filter>Header Files</Filter>
    </ClInclude>
    <ClInclude Include="xpath\XPathNamespace.h">
      <Filter>Header Files</Filter>
    </ClInclude>
    <ClInclude Include="xpath\XPathNode.h">
      <Filter>Header Files</Filter>
    </ClInclude>
    <ClInclude Include="xpath\XPathQName.h">
      <Filter>Header Files</Filter>
    </ClInclude>
    <ClInclude Include="xpath\XPathSequence.h">
      <Filter>Header Files</Filter>
    </ClInclude>
    <ClInclude Include="xpath\XPathStaticEnv.h">
      <Filter>Header Files</Filter>
    </ClInclude>
    <ClInclude Include="xpath\XPathTerm.h">
      <Filter>Header Files</Filter>
    </ClInclude>
    <ClInclude Include="xpath\XPathVar.h">
      <Filter>Header Files</Filter>
    </ClInclude>
    <ClInclude Include="xpath\XSDType.h">
      <Filter>Header Files</Filter>
    </ClInclude>
    <ClInclude Include="XmlParser.h">
      <Filter>Header Files</Filter>
    </ClInclude>
    <ClInclude Include="xpath\xh_scanner.h">
      <Filter>Header Files</Filter>
    </ClInclude>
    <ClInclude Include="XmlParserMemoryPool.h">
      <Filter>Header Files</Filter>
    </ClInclude>
  </ItemGroup>
  <ItemGroup>
    <None Include="xml\manual.html" />
  </ItemGroup>
  <ItemGroup>
    <ClCompile Include="xpath\EvalEngine.cpp">
      <Filter>Source Files</Filter>
    </ClCompile>
    <ClCompile Include="xpath\ExprEval.cpp">
      <Filter>Source Files</Filter>
    </ClCompile>
    <ClCompile Include="xpath\ExprFunctions.cpp">
      <Filter>Source Files</Filter>
    </ClCompile>
    <ClCompile Include="xpath\ExprParser.cpp">
      <Filter>Source Files</Filter>
    </ClCompile>
    <ClCompile Include="xpath\ExprToken.cpp">
      <Filter>Source Files</Filter>
    </ClCompile>
    <ClCompile Include="xpath\ExprTree.cpp">
      <Filter>Source Files</Filter>
    </ClCompile>
    <ClCompile Include="xpath\ExprTreeNode.cpp">
      <Filter>Source Files</Filter>
    </ClCompile>
    <ClCompile Include="xpath\stdafx.cpp">
      <Filter>Source Files</Filter>
    </ClCompile>
    <ClCompile Include="xpath\Text.cpp">
      <Filter>Source Files</Filter>
    </ClCompile>
    <ClCompile Include="xpath\XPathDynamicEnv.cpp">
      <Filter>Source Files</Filter>
    </ClCompile>
    <ClCompile Include="xpath\XPathItem.cpp">
      <Filter>Source Files</Filter>
    </ClCompile>
    <ClCompile Include="xpath\XPathNode.cpp">
      <Filter>Source Files</Filter>
    </ClCompile>
    <ClCompile Include="xpath\XPathQName.cpp">
      <Filter>Source Files</Filter>
    </ClCompile>
    <ClCompile Include="xpath\XPathSequence.cpp">
      <Filter>Source Files</Filter>
    </ClCompile>
    <ClCompile Include="xpath\XPathStaticEnv.cpp">
      <Filter>Source Files</Filter>
    </ClCompile>
    <ClCompile Include="xpath\XPathTerm.cpp">
      <Filter>Source Files</Filter>
    </ClCompile>
    <ClCompile Include="xpath\XPathTermDriver.cpp">
      <Filter>Source Files</Filter>
    </ClCompile>
    <ClCompile Include="xpath\XPathVar.cpp">
      <Filter>Source Files</Filter>
    </ClCompile>
    <ClCompile Include="xpath\XSDType.cpp">
      <Filter>Source Files</Filter>
    </ClCompile>
    <ClCompile Include="XmlParser.cpp">
      <Filter>Source Files</Filter>
    </ClCompile>
    <ClCompile Include="xpath\xh_scanner.cpp">
      <Filter>Source Files</Filter>
    </ClCompile>
    <ClCompile Include="XmlParserMemoryPool.cpp">
      <Filter>Source Files</Filter>
    </ClCompile>
  </ItemGroup>
  <ItemGroup>
    <Text Include="xpath\License.txt" />
    <Text Include="xml\license.txt" />
    <Text Include="XmlParser_License.txt" />
  </ItemGroup>
</Project>